
Microsoft Visual Studio Solution File, Format Version 12.00
# Visual Studio Version 16
VisualStudioVersion = 16.0.31205.134
MinimumVisualStudioVersion = 10.0.40219.1
Project("{FAE04EC0-301F-11D3-BF4B-00C04F79EFBC}") = "Neal_CashFlowManager", "Neal_CashFlowManager\Neal_CashFlowManager.csproj", "{7C8D8D85-9AFE-46E2-AA2D-0631DE78C966}"
EndProject
Global
	GlobalSection(SolutionConfigurationPlatforms) = preSolution
		Debug|Any CPU = Debug|Any CPU
		Release|Any CPU = Release|Any CPU
	EndGlobalSection
	GlobalSection(ProjectConfigurationPlatforms) = postSolution
		{7C8D8D85-9AFE-46E2-AA2D-0631DE78C966}.Debug|Any CPU.ActiveCfg = Debug|Any CPU
		{7C8D8D85-9AFE-46E2-AA2D-0631DE78C966}.Debug|Any CPU.Build.0 = Debug|Any CPU
		{7C8D8D85-9AFE-46E2-AA2D-0631DE78C966}.Release|Any CPU.ActiveCfg = Release|Any CPU
		{7C8D8D85-9AFE-46E2-AA2D-0631DE78C966}.Release|Any CPU.Build.0 = Release|Any CPU
	EndGlobalSection
	GlobalSection(SolutionProperties) = preSolution
		HideSolutionNode = FALSE
	EndGlobalSection
	GlobalSection(ExtensibilityGlobals) = postSolution
		SolutionGuid = {6511A844-B136-47A1-BF0C-DDE7D8D85044}
	EndGlobalSection
EndGlobal
